
Microsoft Visual Studio Solution File, Format Version 12.00
# Visual Studio Version 17
VisualStudioVersion = 17.1.32319.34
MinimumVisualStudioVersion = 10.0.40219.1
Project("{2150E333-8FDC-42A3-9474-1A3956D46DE8}") = "Common", "Common", "{F7B6A570-6C85-4942-A55E-74617135E2B8}"
EndProject
Project("{D954291E-2A0B-460D-934E-DC6B0785DB48}") = "SDV_Realty_Core", "shared\SDV_Realty_Core\SDV_Realty_Core.shproj", "{2AC72BB4-F71B-4ADB-9B27-6A1DFD37AD6C}"
EndProject
Project("{D954291E-2A0B-460D-934E-DC6B0785DB48}") = "SDV_Realty_Interface", "shared\SDV_Realty_Interface\SDV_Realty_Interface.shproj", "{D5D3EF10-9D0D-4071-A3D3-277F6B996261}"
EndProject
Project("{D954291E-2A0B-460D-934E-DC6B0785DB48}") = "SDV_StardewBitmap", "shared\SDV_StardewBitmap\SDV_StardewBitmap.shproj", "{C3338739-F026-41B9-BB8D-E3E15573F19A}"
EndProject
Project("{D954291E-2A0B-460D-934E-DC6B0785DB48}") = "SDV_xTile", "shared\SDV_xTile\SDV_xTile.shproj", "{483D70D9-7CE5-4D3B-B6CD-A8066F8831C2}"
EndProject
Project("{9A19103F-16F7-4668-BE54-9A1E7A4F7556}") = "StardewRealty-v16", "v16\StardewRealty-v16.csproj", "{E221CC52-FCA8-41CA-B562-D7071046502A}"
EndProject
Project("{D954291E-2A0B-460D-934E-DC6B0785DB48}") = "Prism99_Core", "shared\SDV_Prism99_Core\Prism99_Core.shproj", "{ED5FBD23-2EC8-4FAF-BE7D-97D4225A1D0F}"
EndProject
Project("{D954291E-2A0B-460D-934E-DC6B0785DB48}") = "v1.6_Components", "shared\v1.6_Components\v1.6_Components.shproj", "{FD37DA40-45BA-4376-B66D-05C277631998}"
EndProject
Project("{D954291E-2A0B-460D-934E-DC6B0785DB48}") = "locationDataDisplay", "shared\locationDataDisplay\locationDataDisplay.shproj", "{9E5A2993-BEE2-4678-9981-57CD6B8A884A}"
EndProject
Project("{D954291E-2A0B-460D-934E-DC6B0785DB48}") = "v1.6 Base Content Packs", "v1.6 Base Content Packs\v1.6 Base Content Packs.shproj", "{E0BE34CB-CCCD-48E9-84CC-66AC7280D376}"
EndProject
Project("{D954291E-2A0B-460D-934E-DC6B0785DB48}") = "SDV_MapRenderer", "shared\SDV_MapRenderer\SDV_MapRenderer.shproj", "{942D0177-FB63-4FE7-9A6E-7CCF29F6DB1E}"
EndProject
Project("{2150E333-8FDC-42A3-9474-1A3956D46DE8}") = "Documentation", "Documentation", "{2A3CFC3F-6BF6-4E11-A018-32BBD7CC4A47}"
	ProjectSection(SolutionItems) = preProject
		game mechanics.txt = game mechanics.txt
	EndProjectSection
EndProject
Project("{D954291E-2A0B-460D-934E-DC6B0785DB48}") = "CustomMenuFramework", "CustomMenuFramework\CustomMenuFramework.shproj", "{5F074B9F-4773-44E3-8EC5-8B46675DC62D}"
EndProject
Global
	GlobalSection(SolutionConfigurationPlatforms) = preSolution
		Debug|Any CPU = Debug|Any CPU
		Debug|x64 = Debug|x64
		Release|Any CPU = Release|Any CPU
		Release|x64 = Release|x64
	EndGlobalSection
	GlobalSection(ProjectConfigurationPlatforms) = postSolution
		{E221CC52-FCA8-41CA-B562-D7071046502A}.Debug|Any CPU.ActiveCfg = Debug|Any CPU
		{E221CC52-FCA8-41CA-B562-D7071046502A}.Debug|Any CPU.Build.0 = Debug|Any CPU
		{E221CC52-FCA8-41CA-B562-D7071046502A}.Debug|x64.ActiveCfg = Debug|x64
		{E221CC52-FCA8-41CA-B562-D7071046502A}.Debug|x64.Build.0 = Debug|x64
		{E221CC52-FCA8-41CA-B562-D7071046502A}.Release|Any CPU.ActiveCfg = Release|Any CPU
		{E221CC52-FCA8-41CA-B562-D7071046502A}.Release|Any CPU.Build.0 = Release|Any CPU
		{E221CC52-FCA8-41CA-B562-D7071046502A}.Release|x64.ActiveCfg = Release|x64
		{E221CC52-FCA8-41CA-B562-D7071046502A}.Release|x64.Build.0 = Release|x64
	EndGlobalSection
	GlobalSection(SolutionProperties) = preSolution
		HideSolutionNode = FALSE
	EndGlobalSection
	GlobalSection(NestedProjects) = preSolution
		{2AC72BB4-F71B-4ADB-9B27-6A1DFD37AD6C} = {F7B6A570-6C85-4942-A55E-74617135E2B8}
		{D5D3EF10-9D0D-4071-A3D3-277F6B996261} = {F7B6A570-6C85-4942-A55E-74617135E2B8}
		{C3338739-F026-41B9-BB8D-E3E15573F19A} = {F7B6A570-6C85-4942-A55E-74617135E2B8}
		{483D70D9-7CE5-4D3B-B6CD-A8066F8831C2} = {F7B6A570-6C85-4942-A55E-74617135E2B8}
		{ED5FBD23-2EC8-4FAF-BE7D-97D4225A1D0F} = {F7B6A570-6C85-4942-A55E-74617135E2B8}
		{FD37DA40-45BA-4376-B66D-05C277631998} = {F7B6A570-6C85-4942-A55E-74617135E2B8}
		{9E5A2993-BEE2-4678-9981-57CD6B8A884A} = {F7B6A570-6C85-4942-A55E-74617135E2B8}
		{E0BE34CB-CCCD-48E9-84CC-66AC7280D376} = {F7B6A570-6C85-4942-A55E-74617135E2B8}
		{942D0177-FB63-4FE7-9A6E-7CCF29F6DB1E} = {F7B6A570-6C85-4942-A55E-74617135E2B8}
		{5F074B9F-4773-44E3-8EC5-8B46675DC62D} = {F7B6A570-6C85-4942-A55E-74617135E2B8}
	EndGlobalSection
	GlobalSection(ExtensibilityGlobals) = postSolution
		SolutionGuid = {0ED4CAA4-0FAC-4E01-AC8E-3E20A92D33C4}
	EndGlobalSection
	GlobalSection(SharedMSBuildProjectFiles) = preSolution
		shared\SDV_Realty_Core\SDV_Realty_Core.projitems*{2ac72bb4-f71b-4adb-9b27-6a1dfd37ad6c}*SharedItemsImports = 13
		shared\SDV_xTile\SDV_xTile.projitems*{483d70d9-7ce5-4d3b-b6cd-a8066f8831c2}*SharedItemsImports = 13
		CustomMenuFramework\CustomMenuFramework.projitems*{5f074b9f-4773-44e3-8ec5-8b46675dc62d}*SharedItemsImports = 13
		shared\SDV_MapRenderer\SDV_MapRenderer.projitems*{942d0177-fb63-4fe7-9a6e-7ccf29f6db1e}*SharedItemsImports = 13
		shared\locationDataDisplay\locationDataDisplay.projitems*{9e5a2993-bee2-4678-9981-57cd6b8a884a}*SharedItemsImports = 13
		shared\SDV_StardewBitmap\SDV_StardewBitmap.projitems*{c3338739-f026-41b9-bb8d-e3e15573f19a}*SharedItemsImports = 13
		shared\SDV_Realty_Interface\SDV_Realty_Interface.projitems*{d5d3ef10-9d0d-4071-a3d3-277f6b996261}*SharedItemsImports = 13
		v1.6 Base Content Packs\v1.6 Base Content Packs.projitems*{e0be34cb-cccd-48e9-84cc-66ac7280d376}*SharedItemsImports = 13
		CustomMenuFramework\CustomMenuFramework.projitems*{e221cc52-fca8-41ca-b562-d7071046502a}*SharedItemsImports = 5
		shared\locationDataDisplay\locationDataDisplay.projitems*{e221cc52-fca8-41ca-b562-d7071046502a}*SharedItemsImports = 5
		shared\SDV_MapRenderer\SDV_MapRenderer.projitems*{e221cc52-fca8-41ca-b562-d7071046502a}*SharedItemsImports = 5
		shared\SDV_Prism99_Core\Prism99_Core.projitems*{e221cc52-fca8-41ca-b562-d7071046502a}*SharedItemsImports = 5
		shared\SDV_Realty_Core\SDV_Realty_Core.projitems*{e221cc52-fca8-41ca-b562-d7071046502a}*SharedItemsImports = 5
		shared\SDV_Realty_Interface\SDV_Realty_Interface.projitems*{e221cc52-fca8-41ca-b562-d7071046502a}*SharedItemsImports = 5
		shared\SDV_StardewBitmap\SDV_StardewBitmap.projitems*{e221cc52-fca8-41ca-b562-d7071046502a}*SharedItemsImports = 5
		shared\SDV_StardewWeb-IAPI\SDV_StardewWeb_Interface.projitems*{e221cc52-fca8-41ca-b562-d7071046502a}*SharedItemsImports = 5
		shared\SDV_xTile\SDV_xTile.projitems*{e221cc52-fca8-41ca-b562-d7071046502a}*SharedItemsImports = 5
		shared\v1.6_Components\v1.6_Components.projitems*{e221cc52-fca8-41ca-b562-d7071046502a}*SharedItemsImports = 5
		v1.6 Base Content Packs\v1.6 Base Content Packs.projitems*{e221cc52-fca8-41ca-b562-d7071046502a}*SharedItemsImports = 5
		shared\SDV_Prism99_Core\Prism99_Core.projitems*{ed5fbd23-2ec8-4faf-be7d-97d4225a1d0f}*SharedItemsImports = 13
		shared\v1.6_Components\v1.6_Components.projitems*{fd37da40-45ba-4376-b66d-05c277631998}*SharedItemsImports = 13
	EndGlobalSection
EndGlobal
